# This file is autogenerated, do not edit; changes may be undone by the next 'dep ensure'.


[[projects]]
  branch = "master"
  name = "github.com/Azure/go-ansiterm"
  packages = [".","winterm"]
  revision = "d6e3b3328b783f23731bc4d058875b0371ff8109"

[[projects]]
  name = "github.com/Sirupsen/logrus"
  packages = ["."]
  revision = "f006c2ac4710855cf0f916dd6b77acf6b048dc6e"
  version = "v1.0.3"

[[projects]]
  name = "github.com/docker/docker"
  packages = ["pkg/term","pkg/term/windows"]
  revision = "092cba3727bb9b4a2f0e922cd6c0f93ea270e363"
  version = "v1.13.1"

[[projects]]
  name = "github.com/docker/machine"
  packages = ["libmachine/drivers","libmachine/drivers/plugin","libmachine/drivers/plugin/localbinary","libmachine/drivers/rpc","libmachine/engine","libmachine/log","libmachine/mcnflag","libmachine/mcnutils","libmachine/ssh","libmachine/state","libmachine/version","version"]
  revision = "9ba6da9ebd1140b65eb73e1ce08086ca72764c60"
  version = "v0.13.0"

[[projects]]
  branch = "master"
  name = "github.com/joyent/gocommon"
  packages = [".","client","errors","http","jpc"]
  revision = "b78708995d1c2ebdb64a3061b0bca5d8ccdf0fc2"

[[projects]]
  branch = "master"
  name = "github.com/joyent/gosdc"
  packages = ["cloudapi"]
  revision = "ec8b3503a75edca0df26581b83807677b0240716"

[[projects]]
  branch = "master"
  name = "github.com/joyent/gosign"
  packages = ["auth"]
  revision = "9abcee278795b82b36858cdfc857c8a0e7de797c"

[[projects]]
  branch = "master"
  name = "golang.org/x/crypto"
  packages = ["curve25519","ed25519","ed25519/internal/edwards25519","ssh","ssh/terminal"]
  revision = "bd6f299fb381e4c3393d1c4b1f0b94f5e77650c8"

[[projects]]
  branch = "master"
  name = "golang.org/x/sys"
  packages = ["unix","windows"]
  revision = "95c6576299259db960f6c5b9b69ea52422860fce"

[solve-meta]
  analyzer-name = "dep"
  analyzer-version = 1
  inputs-digest = "7c53d46b2d1ad12d3825ff4265c6b0d1741752c11a1784fabac991ce65d0c48a"
  solver-name = "gps-cdcl"
  solver-version = 1
